<?xml version="1.0" encoding="utf-8"?>
<Project ToolsVersion="4.0" xmlns="http://schemas.microsoft.com/developer/msbuild/2003">
  <ItemGroup>
    <Filter Include="src">
      <UniqueIdentifier>{2826a786-58db-4069-ab2c-fe07a0737341}</UniqueIdentifier>
      <Extensions>cpp;c;cxx;rc;def;r;odl;idl;hpj;bat</Extensions>
    </Filter>
    <Filter Include="Resource Files">
      <UniqueIdentifier>{aa77ba88-613d-4799-b229-69f21b5e9849}</UniqueIdentifier>
      <Extensions>ico;cur;bmp;dlg;rc2;rct;bin;rgs;gif;jpg;jpeg;jpe</Extensions>
    </Filter>
  </ItemGroup>
  <ItemGroup>
    <ClCompile Include="src\EntityDatabaseAccessor.cpp">
      <Filter>src</Filter>
    </ClCompile>
    <ClCompile Include="src\EntityFrameworkView.cpp">
      <Filter>src</Filter>
    </ClCompile>
    <ClCompile Include="src\EntityListView.cpp">
      <Filter>src</Filter>
    </ClCompile>
    <ClCompile Include="src\EntityView.cpp">
      <Filter>src</Filter>
    </ClCompile>
    <ClCompile Include="src\ParameterListCtrl.cpp">
      <Filter>src</Filter>
    </ClCompile>
    <ClCompile Include="src\SequenceEntityComponent.cpp">
      <Filter>src</Filter>
    </ClCompile>
    <ClCompile Include="src\StdAfx.cpp">
      <Filter>src</Filter>
    </ClCompile>
    <ClCompile Include="src\TA_SequenceEntityConfigPlugin.cpp">
      <Filter>src</Filter>
    </ClCompile>
    <ClCompile Include="src\VersionGen.cpp">
      <Filter>src</Filter>
    </ClCompile>
  </ItemGroup>
  <ItemGroup>
    <ClInclude Include="src\EntityDatabaseAccessor.h">
      <Filter>src</Filter>
    </ClInclude>
    <ClInclude Include="src\EntityFrameworkView.h">
      <Filter>src</Filter>
    </ClInclude>
    <ClInclude Include="src\EntityListView.h">
      <Filter>src</Filter>
    </ClInclude>
    <ClInclude Include="src\EntityView.h">
      <Filter>src</Filter>
    </ClInclude>
    <ClInclude Include="src\ParameterListCtrl.h">
      <Filter>src</Filter>
    </ClInclude>
    <ClInclude Include="src\Resource.h">
      <Filter>src</Filter>
    </ClInclude>
    <ClInclude Include="src\SequenceEntityComponent.h">
      <Filter>src</Filter>
    </ClInclude>
    <ClInclude Include="src\StdAfx.h">
      <Filter>src</Filter>
    </ClInclude>
  </ItemGroup>
  <ItemGroup>
    <None Include="src\TA_SequenceEntityConfigPlugin.def">
      <Filter>src</Filter>
    </None>
    <None Include="res\TA_SequenceEntityConfigPlugin.rc2">
      <Filter>Resource Files</Filter>
    </None>
  </ItemGroup>
  <ItemGroup>
    <ResourceCompile Include="src\TA_SequenceEntityConfigPlugin.rc">
      <Filter>src</Filter>
    </ResourceCompile>
  </ItemGroup>
  <ItemGroup>
    <Image Include="res\copy.ico">
      <Filter>Resource Files</Filter>
    </Image>
    <Image Include="res\entity.ico">
      <Filter>Resource Files</Filter>
    </Image>
    <Image Include="res\Mandatory.bmp">
      <Filter>Resource Files</Filter>
    </Image>
  </ItemGroup>
</Project>