<?xml version="1.0" encoding="utf-8"?>
<Project ToolsVersion="4.0" xmlns="http://schemas.microsoft.com/developer/msbuild/2003">
  <ItemGroup>
    <Filter Include="src">
      <UniqueIdentifier>{4512e9e2-709a-49a3-9bea-6a275d3227d9}</UniqueIdentifier>
      <Extensions>cpp;c;cxx;rc;def;r;odl;idl;hpj;bat</Extensions>
    </Filter>
  </ItemGroup>
  <ItemGroup>
    <ClCompile Include="..\..\..\..\..\..\build\win32_n\transactive\bus\security\duty_agent\IDL\src\DutyAgentTypeCorbaDef.cpp">
      <Filter>src</Filter>
    </ClCompile>
    <ClCompile Include="..\..\..\..\..\..\build\win32_n\transactive\bus\security\duty_agent\IDL\src\DutyAgentTypeCorbaDef_skel.cpp">
      <Filter>src</Filter>
    </ClCompile>
    <ClCompile Include="..\..\..\..\..\..\build\win32_n\transactive\bus\security\duty_agent\IDL\src\IDutyAgentAuthCorbaDef.cpp">
      <Filter>src</Filter>
    </ClCompile>
    <ClCompile Include="..\..\..\..\..\..\build\win32_n\transactive\bus\security\duty_agent\IDL\src\IDutyAgentAuthCorbaDef_skel.cpp">
      <Filter>src</Filter>
    </ClCompile>
    <ClCompile Include="..\..\..\..\..\..\build\win32_n\transactive\bus\security\duty_agent\IDL\src\IDutyAgentAutoDegradeCorbaDef.cpp">
      <Filter>src</Filter>
    </ClCompile>
    <ClCompile Include="..\..\..\..\..\..\build\win32_n\transactive\bus\security\duty_agent\IDL\src\IDutyAgentAutoDegradeCorbaDef_skel.cpp">
      <Filter>src</Filter>
    </ClCompile>
    <ClCompile Include="..\..\..\..\..\..\build\win32_n\transactive\bus\security\duty_agent\IDL\src\IDutyAgentCorbaDef.cpp">
      <Filter>src</Filter>
    </ClCompile>
    <ClCompile Include="..\..\..\..\..\..\build\win32_n\transactive\bus\security\duty_agent\IDL\src\IDutyAgentCorbaDef_skel.cpp">
      <Filter>src</Filter>
    </ClCompile>
    <ClCompile Include="..\..\..\..\..\..\build\win32_n\transactive\bus\security\duty_agent\IDL\src\IDutyAgentMgrCorbaDef.cpp">
      <Filter>src</Filter>
    </ClCompile>
    <ClCompile Include="..\..\..\..\..\..\build\win32_n\transactive\bus\security\duty_agent\IDL\src\IDutyAgentMgrCorbaDef_skel.cpp">
      <Filter>src</Filter>
    </ClCompile>
    <ClCompile Include="..\..\..\..\..\..\build\win32_n\transactive\bus\security\duty_agent\IDL\src\IDutyAgentPeerCorbaDef.cpp">
      <Filter>src</Filter>
    </ClCompile>
    <ClCompile Include="..\..\..\..\..\..\build\win32_n\transactive\bus\security\duty_agent\IDL\src\IDutyAgentPeerCorbaDef_skel.cpp">
      <Filter>src</Filter>
    </ClCompile>
    <ClCompile Include="..\..\..\..\..\..\build\win32_n\transactive\bus\security\duty_agent\IDL\src\IDutyAgentQueryCorbaDef.cpp">
      <Filter>src</Filter>
    </ClCompile>
    <ClCompile Include="..\..\..\..\..\..\build\win32_n\transactive\bus\security\duty_agent\IDL\src\IDutyAgentQueryCorbaDef_skel.cpp">
      <Filter>src</Filter>
    </ClCompile>
    <ClCompile Include="..\..\..\..\..\..\build\win32_n\transactive\bus\security\duty_agent\IDL\src\IDutyAgentRespCorbaDef.cpp">
      <Filter>src</Filter>
    </ClCompile>
    <ClCompile Include="..\..\..\..\..\..\build\win32_n\transactive\bus\security\duty_agent\IDL\src\IDutyAgentRespCorbaDef_skel.cpp">
      <Filter>src</Filter>
    </ClCompile>
  </ItemGroup>
  <ItemGroup>
    <ClInclude Include="..\..\..\..\..\..\build\win32_n\transactive\bus\security\duty_agent\IDL\src\DutyAgentTypeCorbaDef.h">
      <Filter>src</Filter>
    </ClInclude>
    <ClInclude Include="..\..\..\..\..\..\build\win32_n\transactive\bus\security\duty_agent\IDL\src\IDutyAgentAuthCorbaDef.h">
      <Filter>src</Filter>
    </ClInclude>
    <ClInclude Include="..\..\..\..\..\..\build\win32_n\transactive\bus\security\duty_agent\IDL\src\IDutyAgentAutoDegradeCorbaDef.h">
      <Filter>src</Filter>
    </ClInclude>
    <ClInclude Include="..\..\..\..\..\..\build\win32_n\transactive\bus\security\duty_agent\IDL\src\IDutyAgentCorbaDef.h">
      <Filter>src</Filter>
    </ClInclude>
    <ClInclude Include="..\..\..\..\..\..\build\win32_n\transactive\bus\security\duty_agent\IDL\src\IDutyAgentMgrCorbaDef.h">
      <Filter>src</Filter>
    </ClInclude>
    <ClInclude Include="..\..\..\..\..\..\build\win32_n\transactive\bus\security\duty_agent\IDL\src\IDutyAgentPeerCorbaDef.h">
      <Filter>src</Filter>
    </ClInclude>
    <ClInclude Include="..\..\..\..\..\..\build\win32_n\transactive\bus\security\duty_agent\IDL\src\IDutyAgentQueryCorbaDef.h">
      <Filter>src</Filter>
    </ClInclude>
    <ClInclude Include="..\..\..\..\..\..\build\win32_n\transactive\bus\security\duty_agent\IDL\src\IDutyAgentRespCorbaDef.h">
      <Filter>src</Filter>
    </ClInclude>
  </ItemGroup>
</Project>