<?xml version="1.0" encoding="utf-8"?>
<Project ToolsVersion="4.0" xmlns="http://schemas.microsoft.com/developer/msbuild/2003">
  <ItemGroup>
    <Filter Include="src">
      <UniqueIdentifier>{f301731b-1974-4263-894a-14253117ab03}</UniqueIdentifier>
      <Extensions>cpp;c;cxx;rc;def;r;odl;idl;hpj;bat</Extensions>
    </Filter>
  </ItemGroup>
  <ItemGroup>
    <ClCompile Include="..\..\..\..\..\..\build\win32_n\transactive\bus\signs\pids_agent\idl\src\IPIDSManagerCorbaDef.cpp">
      <Filter>src</Filter>
    </ClCompile>
    <ClCompile Include="..\..\..\..\..\..\build\win32_n\transactive\bus\signs\pids_agent\idl\src\IPIDSManagerCorbaDef_skel.cpp">
      <Filter>src</Filter>
    </ClCompile>
  </ItemGroup>
  <ItemGroup>
    <ClInclude Include="..\..\..\..\..\..\build\win32_n\transactive\bus\signs\pids_agent\idl\src\IPIDSManagerCorbaDef.h">
      <Filter>src</Filter>
    </ClInclude>
  </ItemGroup>
</Project>