<?xml version="1.0" encoding="utf-8"?>
<Project ToolsVersion="4.0" xmlns="http://schemas.microsoft.com/developer/msbuild/2003">
  <ItemGroup>
    <Filter Include="IDL">
      <UniqueIdentifier>{0291f836-9c18-4000-a7fd-e9e57ebfb053}</UniqueIdentifier>
      <Extensions>idl</Extensions>
    </Filter>
  </ItemGroup>
  <ItemGroup>
    <CustomBuild Include="src\ITelephoneManagerCommonCorbaDef.idl">
      <Filter>IDL</Filter>
    </CustomBuild>
  </ItemGroup>
</Project>