
Microsoft Visual Studio Solution File, Format Version 10.00
# Visual Studio 2008
Project("{8BC9CEB8-8B4A-11D0-8D11-00A0C91BC942}") = "bus.alarm.shared_alarm", "bus.alarm.shared_alarm.TA_SharedAlarm.vcproj", "{76C444C9-DA9F-489E-A0F2-BBFFEE89907B}"
EndProject
Global
	GlobalSection(SolutionConfigurationPlatforms) = preSolution
		Debug|Win32 = Debug|Win32
		Release|Win32 = Release|Win32
	EndGlobalSection
	GlobalSection(ProjectConfigurationPlatforms) = postSolution
		{76C444C9-DA9F-489E-A0F2-BBFFEE89907B}.Debug|Win32.ActiveCfg = Debug|Win32
		{76C444C9-DA9F-489E-A0F2-BBFFEE89907B}.Debug|Win32.Build.0 = Debug|Win32
		{76C444C9-DA9F-489E-A0F2-BBFFEE89907B}.Release|Win32.ActiveCfg = Release|Win32
		{76C444C9-DA9F-489E-A0F2-BBFFEE89907B}.Release|Win32.Build.0 = Release|Win32
	EndGlobalSection
	GlobalSection(SolutionProperties) = preSolution
		HideSolutionNode = FALSE
	EndGlobalSection
EndGlobal
