<?xml version="1.0" encoding="utf-8"?>
<Project ToolsVersion="4.0" xmlns="http://schemas.microsoft.com/developer/msbuild/2003">
  <ItemGroup>
    <Filter Include="src">
      <UniqueIdentifier>{24431d96-0f93-488a-b2bb-b230b0b94b4a}</UniqueIdentifier>
    </Filter>
    <Filter Include="res">
      <UniqueIdentifier>{7b86527e-f6d2-487b-bcd2-7437b777fb5a}</UniqueIdentifier>
    </Filter>
  </ItemGroup>
  <ItemGroup>
    <ClCompile Include="editor_src\DllInstance.cpp">
      <Filter>src</Filter>
    </ClCompile>
    <ClCompile Include="editor_src\ExecuteScriptStep.cpp">
      <Filter>src</Filter>
    </ClCompile>
    <ClCompile Include="editor_src\ExecuteScriptStepEditorParameter.cpp">
      <Filter>src</Filter>
    </ClCompile>
    <ClCompile Include="editor_src\MftExecuteScriptStepComponent.cpp">
      <Filter>src</Filter>
    </ClCompile>
    <ClCompile Include="editor_src\PlanStepEditExecuteScriptPage.cpp">
      <Filter>src</Filter>
    </ClCompile>
    <ClCompile Include="editor_src\TaskExecuteScript.cpp">
      <Filter>src</Filter>
    </ClCompile>
    <ClCompile Include="editor_src\VersionGen.cpp">
      <Filter>src</Filter>
    </ClCompile>
  </ItemGroup>
  <ItemGroup>
    <ClInclude Include="editor_src\ExecuteScriptStep.h">
      <Filter>src</Filter>
    </ClInclude>
    <ClInclude Include="editor_src\ExecuteScriptStepEditorParameter.h">
      <Filter>src</Filter>
    </ClInclude>
    <ClInclude Include="editor_src\MftExecuteScriptStepComponent.h">
      <Filter>src</Filter>
    </ClInclude>
    <ClInclude Include="editor_src\PlanStepEditExecuteScriptPage.h">
      <Filter>src</Filter>
    </ClInclude>
    <ClInclude Include="editor_src\resource.h">
      <Filter>src</Filter>
    </ClInclude>
    <ClInclude Include="editor_src\stdafx.h">
      <Filter>src</Filter>
    </ClInclude>
    <ClInclude Include="editor_src\TaskExecuteScript.h">
      <Filter>src</Filter>
    </ClInclude>
  </ItemGroup>
  <ItemGroup>
    <ResourceCompile Include="editor_src\step_plugin.execute_script_step.rc">
      <Filter>src</Filter>
    </ResourceCompile>
  </ItemGroup>
  <ItemGroup>
    <CustomBuild Include="res\PlanActivityExecuteScript.bmp">
      <Filter>res</Filter>
    </CustomBuild>
  </ItemGroup>
</Project>