<?xml version="1.0" encoding="utf-8"?>
<Project ToolsVersion="4.0" xmlns="http://schemas.microsoft.com/developer/msbuild/2003">
  <ItemGroup>
    <Filter Include="src">
      <UniqueIdentifier>{9701480e-2288-4ab7-8e49-173b843dcb95}</UniqueIdentifier>
      <Extensions>cpp;c;cxx;rc;def;r;odl;idl;hpj;bat</Extensions>
    </Filter>
  </ItemGroup>
  <ItemGroup>
    <ClCompile Include="src\DataNode.cpp">
      <Filter>src</Filter>
    </ClCompile>
    <ClCompile Include="src\DataNodeTypes.cpp">
      <Filter>src</Filter>
    </ClCompile>
    <ClCompile Include="src\SummaryProcessor.cpp">
      <Filter>src</Filter>
    </ClCompile>
  </ItemGroup>
  <ItemGroup>
    <ClInclude Include="src\DataNode.h">
      <Filter>src</Filter>
    </ClInclude>
    <ClInclude Include="src\DataNodeStates.h">
      <Filter>src</Filter>
    </ClInclude>
    <ClInclude Include="src\DataNodeTypes.h">
      <Filter>src</Filter>
    </ClInclude>
    <ClInclude Include="src\IDataNodeObserverNotification.h">
      <Filter>src</Filter>
    </ClInclude>
    <ClInclude Include="src\SummaryProcessor.h">
      <Filter>src</Filter>
    </ClInclude>
    <ClInclude Include="src\SummaryRequest.h">
      <Filter>src</Filter>
    </ClInclude>
  </ItemGroup>
</Project>