<?xml version="1.0" encoding="utf-8"?>
<Project ToolsVersion="4.0" xmlns="http://schemas.microsoft.com/developer/msbuild/2003">
  <ItemGroup>
    <Filter Include="src">
      <UniqueIdentifier>{1215de5d-06c2-4fee-8e12-a8e516773b9d}</UniqueIdentifier>
    </Filter>
  </ItemGroup>
  <ItemGroup>
    <ClCompile Include="active_src\ActiveLaunchSchematicStep.cpp">
      <Filter>src</Filter>
    </ClCompile>
    <ClCompile Include="active_src\ActivePlanLaunchSchematicStepMessage.cpp">
      <Filter>src</Filter>
    </ClCompile>
    <ClCompile Include="active_src\LaunchSchematicStepComponent.cpp">
      <Filter>src</Filter>
    </ClCompile>
    <ClCompile Include="active_src\VersionGen.cpp">
      <Filter>src</Filter>
    </ClCompile>
    <ClCompile Include="active_src\DllActiveInstance.cpp">
      <Filter>src</Filter>
    </ClCompile>
  </ItemGroup>
  <ItemGroup>
    <ClInclude Include="active_src\ActiveLaunchSchematicStep.h">
      <Filter>src</Filter>
    </ClInclude>
    <ClInclude Include="active_src\ActivePlanLaunchSchematicStepMessage.h">
      <Filter>src</Filter>
    </ClInclude>
    <ClInclude Include="active_src\LaunchSchematicStepComponent.h">
      <Filter>src</Filter>
    </ClInclude>
  </ItemGroup>
</Project>