<?xml version="1.0" encoding="utf-8"?>
<Project ToolsVersion="4.0" xmlns="http://schemas.microsoft.com/developer/msbuild/2003">
  <ItemGroup>
    <Filter Include="Source Files">
      <UniqueIdentifier>{24e0b4db-e4c6-4a89-97c1-9732fca2ff41}</UniqueIdentifier>
      <Extensions>cpp;c;cxx;rc;def;r;odl;idl;hpj;bat</Extensions>
    </Filter>
    <Filter Include="Header Files">
      <UniqueIdentifier>{552fd3fb-352e-4ed6-b6fe-198376752a31}</UniqueIdentifier>
      <Extensions>h;hpp;hxx;hm;inl</Extensions>
    </Filter>
    <Filter Include="Resource Files">
      <UniqueIdentifier>{d04351de-fe45-4721-805c-73df9ac4c1e9}</UniqueIdentifier>
      <Extensions>ico;cur;bmp;dlg;rc2;rct;bin;rgs;gif;jpg;jpeg;jpe</Extensions>
    </Filter>
  </ItemGroup>
  <ItemGroup>
    <ClCompile Include="src\AuditMessageUtility.cpp">
      <Filter>Source Files</Filter>
    </ClCompile>
    <ClCompile Include="src\CongestionParameterDlg.cpp">
      <Filter>Source Files</Filter>
    </ClCompile>
    <ClCompile Include="src\DecisionDialog.cpp">
      <Filter>Source Files</Filter>
    </ClCompile>
    <ClCompile Include="src\ECSColourAccessor.cpp">
      <Filter>Source Files</Filter>
    </ClCompile>
    <ClCompile Include="src\ECSManager.cpp">
      <Filter>Source Files</Filter>
    </ClCompile>
    <ClCompile Include="src\ECSManagerConfigurationAccess.cpp">
      <Filter>Source Files</Filter>
    </ClCompile>
    <ClCompile Include="src\ECSManagerGUI.cpp">
      <Filter>Source Files</Filter>
    </ClCompile>
    <ClCompile Include="src\ECSMasterModes.cpp">
      <Filter>Source Files</Filter>
    </ClCompile>
    <ClCompile Include="src\ECSMasterModesDlg.cpp">
      <Filter>Source Files</Filter>
    </ClCompile>
    <ClCompile Include="src\ECSOverallTimetableListCtrl.cpp">
      <Filter>Source Files</Filter>
    </ClCompile>
    <ClCompile Include="src\EcsOverallTimetableSettingDlg.cpp">
      <Filter>Source Files</Filter>
    </ClCompile>
    <ClCompile Include="src\ECSStationModes.cpp">
      <Filter>Source Files</Filter>
    </ClCompile>
    <ClCompile Include="src\ECSStationModesDlg.cpp">
      <Filter>Source Files</Filter>
    </ClCompile>
    <ClCompile Include="src\ECSStationModesOverview.cpp">
      <Filter>Source Files</Filter>
    </ClCompile>
    <ClCompile Include="src\ECSStationModesOverviewDlg.cpp">
      <Filter>Source Files</Filter>
    </ClCompile>
    <ClCompile Include="src\MappedECSDataCache.cpp">
      <Filter>Source Files</Filter>
    </ClCompile>
    <ClCompile Include="src\MasterModesGridCtrl.cpp">
      <Filter>Source Files</Filter>
    </ClCompile>
    <ClCompile Include="src\ProposedMasterModeUpdateSubscriber.cpp">
      <Filter>Source Files</Filter>
    </ClCompile>
    <ClCompile Include="src\ProposedStationModeUpdateSubscriber.cpp">
      <Filter>Source Files</Filter>
    </ClCompile>
    <ClCompile Include="src\RightsMgrSingleton.cpp">
      <Filter>Source Files</Filter>
    </ClCompile>
    <ClCompile Include="src\StationModesDataPointManager.cpp">
      <Filter>Source Files</Filter>
    </ClCompile>
    <ClCompile Include="src\StationModesListCtrl.cpp">
      <Filter>Source Files</Filter>
    </ClCompile>
    <ClCompile Include="src\StationModesOverviewGridCtrl.cpp">
      <Filter>Source Files</Filter>
    </ClCompile>
    <ClCompile Include="src\TextDisplay.cpp">
      <Filter>Source Files</Filter>
    </ClCompile>
    <ClCompile Include="src\TimetableSelectionDlg.cpp">
      <Filter>Source Files</Filter>
    </ClCompile>
    <ClCompile Include="src\VersionGen.cpp">
      <Filter>Source Files</Filter>
    </ClCompile>
  </ItemGroup>
  <ItemGroup>
    <ResourceCompile Include="src\ECSManager.rc">
      <Filter>Source Files</Filter>
    </ResourceCompile>
  </ItemGroup>
  <ItemGroup>
    <ClInclude Include="src\AuditMessageUtility.h">
      <Filter>Header Files</Filter>
    </ClInclude>
    <ClInclude Include="src\CongestionParameterDlg.h">
      <Filter>Header Files</Filter>
    </ClInclude>
    <ClInclude Include="src\DecisionDialog.h">
      <Filter>Header Files</Filter>
    </ClInclude>
    <ClInclude Include="src\ECSColourAccessor.h">
      <Filter>Header Files</Filter>
    </ClInclude>
    <ClInclude Include="src\ECSManager.h">
      <Filter>Header Files</Filter>
    </ClInclude>
    <ClInclude Include="src\ECSManagerCommonDefs.h">
      <Filter>Header Files</Filter>
    </ClInclude>
    <ClInclude Include="src\ECSManagerConfigurationAccess.h">
      <Filter>Header Files</Filter>
    </ClInclude>
    <ClInclude Include="src\ECSManagerGUI.h">
      <Filter>Header Files</Filter>
    </ClInclude>
    <ClInclude Include="src\ECSMasterModes.h">
      <Filter>Header Files</Filter>
    </ClInclude>
    <ClInclude Include="src\ECSMasterModesDlg.h">
      <Filter>Header Files</Filter>
    </ClInclude>
    <ClInclude Include="src\ECSOverallTimetableListCtrl.h">
      <Filter>Header Files</Filter>
    </ClInclude>
    <ClInclude Include="src\EcsOverallTimetableSettingDlg.h">
      <Filter>Header Files</Filter>
    </ClInclude>
    <ClInclude Include="src\ECSStationModes.h">
      <Filter>Header Files</Filter>
    </ClInclude>
    <ClInclude Include="src\ECSStationModesDlg.h">
      <Filter>Header Files</Filter>
    </ClInclude>
    <ClInclude Include="src\ECSStationModesOverview.h">
      <Filter>Header Files</Filter>
    </ClInclude>
    <ClInclude Include="src\ECSStationModesOverviewDlg.h">
      <Filter>Header Files</Filter>
    </ClInclude>
    <ClInclude Include="src\IECSMasterModesView.h">
      <Filter>Header Files</Filter>
    </ClInclude>
    <ClInclude Include="src\IECSStationModesOverviewView.h">
      <Filter>Header Files</Filter>
    </ClInclude>
    <ClInclude Include="src\IECSStationModesView.h">
      <Filter>Header Files</Filter>
    </ClInclude>
    <ClInclude Include="src\IProposedMasterModeObserver.h">
      <Filter>Header Files</Filter>
    </ClInclude>
    <ClInclude Include="src\IProposedStationModeObserver.h">
      <Filter>Header Files</Filter>
    </ClInclude>
    <ClInclude Include="src\IStationModeStatusObserver.h">
      <Filter>Header Files</Filter>
    </ClInclude>
    <ClInclude Include="src\MappedECSDataCache.h">
      <Filter>Header Files</Filter>
    </ClInclude>
    <ClInclude Include="src\MasterModesGridCtrl.h">
      <Filter>Header Files</Filter>
    </ClInclude>
    <ClInclude Include="src\ProposedMasterModeUpdateSubscriber.h">
      <Filter>Header Files</Filter>
    </ClInclude>
    <ClInclude Include="src\ProposedStationModeUpdateSubscriber.h">
      <Filter>Header Files</Filter>
    </ClInclude>
    <ClInclude Include="src\Resource.h">
      <Filter>Header Files</Filter>
    </ClInclude>
    <ClInclude Include="src\RightsMgrSingleton.h">
      <Filter>Header Files</Filter>
    </ClInclude>
    <ClInclude Include="src\StationModesDataPointManager.h">
      <Filter>Header Files</Filter>
    </ClInclude>
    <ClInclude Include="src\StationModesListCtrl.h">
      <Filter>Header Files</Filter>
    </ClInclude>
    <ClInclude Include="src\StationModesOverviewGridCtrl.h">
      <Filter>Header Files</Filter>
    </ClInclude>
    <ClInclude Include="src\StdAfx.h">
      <Filter>Header Files</Filter>
    </ClInclude>
    <ClInclude Include="src\TextDisplay.h">
      <Filter>Header Files</Filter>
    </ClInclude>
    <ClInclude Include="src\TimetableSelectionDlg.h">
      <Filter>Header Files</Filter>
    </ClInclude>
  </ItemGroup>
  <ItemGroup>
    <Image Include="res\bitmap_l.bmp">
      <Filter>Resource Files</Filter>
    </Image>
    <Image Include="res\CurrentTimetable.ico">
      <Filter>Resource Files</Filter>
    </Image>
    <Image Include="res\ECSManager.ico">
      <Filter>Resource Files</Filter>
    </Image>
    <Image Include="res\icon_lef.ico">
      <Filter>Resource Files</Filter>
    </Image>
    <Image Include="res\icon_rig.ico">
      <Filter>Resource Files</Filter>
    </Image>
    <Image Include="res\SelectedTimetable.ico">
      <Filter>Resource Files</Filter>
    </Image>
  </ItemGroup>
  <ItemGroup>
    <None Include="res\ECSManager.rc2">
      <Filter>Resource Files</Filter>
    </None>
  </ItemGroup>
  <ItemGroup>
    <Text Include="src\ReadMe.txt" />
  </ItemGroup>
</Project>