<?xml version="1.0" encoding="utf-8"?>
<Project ToolsVersion="4.0" xmlns="http://schemas.microsoft.com/developer/msbuild/2003">
  <ItemGroup>
    <Filter Include="Resource Files">
      <UniqueIdentifier>{ffa7f5d5-9eb9-4e71-8e19-d2bf368e8edd}</UniqueIdentifier>
      <Extensions>ico;cur;bmp;dlg;rc2;rct;bin;rgs;gif;jpg;jpeg;jpe</Extensions>
    </Filter>
    <Filter Include="src">
      <UniqueIdentifier>{abedfd9a-d5fa-4b09-b4fd-dca84d71790c}</UniqueIdentifier>
    </Filter>
  </ItemGroup>
  <ItemGroup>
    <Image Include="res\AtsFixedBlockMap.ico">
      <Filter>Resource Files</Filter>
    </Image>
    <Image Include="res\central.ico">
      <Filter>Resource Files</Filter>
    </Image>
    <Image Include="src\ConfigAtsFixedBlockMaps.ico">
      <Filter>Resource Files</Filter>
    </Image>
    <Image Include="res\copy.ico">
      <Filter>Resource Files</Filter>
    </Image>
    <Image Include="res\icon1.ico">
      <Filter>Resource Files</Filter>
    </Image>
    <Image Include="res\local.ico">
      <Filter>Resource Files</Filter>
    </Image>
    <Image Include="res\location.ico">
      <Filter>Resource Files</Filter>
    </Image>
    <Image Include="res\Mandatory.bmp">
      <Filter>Resource Files</Filter>
    </Image>
    <Image Include="res\NotApplied.ico">
      <Filter>Resource Files</Filter>
    </Image>
    <Image Include="res\profile.ico">
      <Filter>Resource Files</Filter>
    </Image>
    <Image Include="res\rights.ico">
      <Filter>Resource Files</Filter>
    </Image>
  </ItemGroup>
  <ItemGroup>
    <None Include="res\TA_AtsFixedBlockMapConfigPlugin.rc2">
      <Filter>Resource Files</Filter>
    </None>
    <None Include="src\TA_AtsFixedBlockMapConfigPlugin.def">
      <Filter>src</Filter>
    </None>
  </ItemGroup>
  <ItemGroup>
    <ClCompile Include="src\AtsFixedBlockMapComponent.cpp">
      <Filter>src</Filter>
    </ClCompile>
    <ClCompile Include="src\AtsFixedBlockMapDatabaseAccessor.cpp">
      <Filter>src</Filter>
    </ClCompile>
    <ClCompile Include="src\AtsFixedBlockMapDetailView.cpp">
      <Filter>src</Filter>
    </ClCompile>
    <ClCompile Include="src\AtsFixedBlockMapFrameworkView.cpp">
      <Filter>src</Filter>
    </ClCompile>
    <ClCompile Include="src\AtsFixedBlockMapListView.cpp">
      <Filter>src</Filter>
    </ClCompile>
    <ClCompile Include="src\StdAfx.cpp">
      <Filter>src</Filter>
    </ClCompile>
    <ClCompile Include="src\TA_AtsFixedBlockMapConfigPlugin.cpp">
      <Filter>src</Filter>
    </ClCompile>
    <ClCompile Include="src\VersionGen.cpp">
      <Filter>src</Filter>
    </ClCompile>
  </ItemGroup>
  <ItemGroup>
    <ClInclude Include="src\AtsFixedBlockMapComponent.h">
      <Filter>src</Filter>
    </ClInclude>
    <ClInclude Include="src\AtsFixedBlockMapDatabaseAccessor.h">
      <Filter>src</Filter>
    </ClInclude>
    <ClInclude Include="src\AtsFixedBlockMapDetailView.h">
      <Filter>src</Filter>
    </ClInclude>
    <ClInclude Include="src\AtsFixedBlockMapFrameworkView.h">
      <Filter>src</Filter>
    </ClInclude>
    <ClInclude Include="src\AtsFixedBlockMapListView.h">
      <Filter>src</Filter>
    </ClInclude>
    <ClInclude Include="src\Resource.h">
      <Filter>src</Filter>
    </ClInclude>
    <ClInclude Include="src\StdAfx.h">
      <Filter>src</Filter>
    </ClInclude>
  </ItemGroup>
  <ItemGroup>
    <ResourceCompile Include="src\TA_AtsFixedBlockMapConfigPlugin.rc">
      <Filter>src</Filter>
    </ResourceCompile>
  </ItemGroup>
  <ItemGroup>
    <Text Include="ReadMe.txt" />
  </ItemGroup>
</Project>