<?xml version="1.0" encoding="utf-8"?>
<Project ToolsVersion="4.0" xmlns="http://schemas.microsoft.com/developer/msbuild/2003">
  <ItemGroup>
    <Filter Include="Resource Files">
      <UniqueIdentifier>{e1ea6a42-b702-4c52-b807-1c74d37562d7}</UniqueIdentifier>
      <Extensions>ico;cur;bmp;dlg;rc2;rct;bin;rgs;gif;jpg;jpeg;jpe</Extensions>
    </Filter>
    <Filter Include="src">
      <UniqueIdentifier>{b8c3ddb5-04e8-4a85-94c1-3bc779a3b8d4}</UniqueIdentifier>
    </Filter>
  </ItemGroup>
  <ItemGroup>
    <Image Include="res\AtsPlatform.ico">
      <Filter>Resource Files</Filter>
    </Image>
    <Image Include="res\central.ico">
      <Filter>Resource Files</Filter>
    </Image>
    <Image Include="src\ConfigAtsPlatforms.ico">
      <Filter>Resource Files</Filter>
    </Image>
    <Image Include="res\copy.ico">
      <Filter>Resource Files</Filter>
    </Image>
    <Image Include="res\icon1.ico">
      <Filter>Resource Files</Filter>
    </Image>
    <Image Include="res\local.ico">
      <Filter>Resource Files</Filter>
    </Image>
    <Image Include="res\location.ico">
      <Filter>Resource Files</Filter>
    </Image>
    <Image Include="res\Mandatory.bmp">
      <Filter>Resource Files</Filter>
    </Image>
    <Image Include="res\NotApplied.ico">
      <Filter>Resource Files</Filter>
    </Image>
    <Image Include="res\profile.ico">
      <Filter>Resource Files</Filter>
    </Image>
    <Image Include="res\rights.ico">
      <Filter>Resource Files</Filter>
    </Image>
  </ItemGroup>
  <ItemGroup>
    <None Include="res\TA_AtsPlatformConfigPlugin.rc2">
      <Filter>Resource Files</Filter>
    </None>
    <None Include="src\TA_AtsPlatformConfigPlugin.def">
      <Filter>src</Filter>
    </None>
  </ItemGroup>
  <ItemGroup>
    <ClCompile Include="src\AtsPlatformComponent.cpp">
      <Filter>src</Filter>
    </ClCompile>
    <ClCompile Include="src\AtsPlatformDatabaseAccessor.cpp">
      <Filter>src</Filter>
    </ClCompile>
    <ClCompile Include="src\AtsPlatformDetailView.cpp">
      <Filter>src</Filter>
    </ClCompile>
    <ClCompile Include="src\AtsPlatformFrameworkView.cpp">
      <Filter>src</Filter>
    </ClCompile>
    <ClCompile Include="src\AtsPlatformListView.cpp">
      <Filter>src</Filter>
    </ClCompile>
    <ClCompile Include="src\TA_AtsPlatformConfigPlugin.cpp">
      <Filter>src</Filter>
    </ClCompile>
    <ClCompile Include="src\VersionGen.cpp">
      <Filter>src</Filter>
    </ClCompile>
  </ItemGroup>
  <ItemGroup>
    <ClInclude Include="src\AtsPlatformComponent.h">
      <Filter>src</Filter>
    </ClInclude>
    <ClInclude Include="src\AtsPlatformDatabaseAccessor.h">
      <Filter>src</Filter>
    </ClInclude>
    <ClInclude Include="src\AtsPlatformDetailView.h">
      <Filter>src</Filter>
    </ClInclude>
    <ClInclude Include="src\AtsPlatformFrameworkView.h">
      <Filter>src</Filter>
    </ClInclude>
    <ClInclude Include="src\AtsPlatformListView.h">
      <Filter>src</Filter>
    </ClInclude>
    <ClInclude Include="src\Resource.h">
      <Filter>src</Filter>
    </ClInclude>
    <ClInclude Include="src\StdAfx.h">
      <Filter>src</Filter>
    </ClInclude>
  </ItemGroup>
  <ItemGroup>
    <ResourceCompile Include="src\TA_AtsPlatformConfigPlugin.rc">
      <Filter>src</Filter>
    </ResourceCompile>
  </ItemGroup>
  <ItemGroup>
    <Text Include="ReadMe.txt" />
  </ItemGroup>
</Project>