<?xml version="1.0" encoding="utf-8"?>
<Project ToolsVersion="4.0" xmlns="http://schemas.microsoft.com/developer/msbuild/2003">
  <ItemGroup>
    <Filter Include="src">
      <UniqueIdentifier>{1fce1390-c72f-49ce-af45-68444c681c91}</UniqueIdentifier>
    </Filter>
  </ItemGroup>
  <ItemGroup>
    <ClCompile Include="active_src\ActiveStationPaStep.cpp">
      <Filter>src</Filter>
    </ClCompile>
    <ClCompile Include="active_src\StationPaStepComponent.cpp">
      <Filter>src</Filter>
    </ClCompile>
    <ClCompile Include="active_src\VersionGen.cpp">
      <Filter>src</Filter>
    </ClCompile>
    <ClCompile Include="active_src\DllActiveInstance.cpp">
      <Filter>src</Filter>
    </ClCompile>
  </ItemGroup>
  <ItemGroup>
    <ClInclude Include="active_src\ActiveStationPaStep.h">
      <Filter>src</Filter>
    </ClInclude>
    <ClInclude Include="active_src\StationPaStepComponent.h">
      <Filter>src</Filter>
    </ClInclude>
  </ItemGroup>
</Project>