<?xml version="1.0" encoding="utf-8"?>
<Project ToolsVersion="4.0" xmlns="http://schemas.microsoft.com/developer/msbuild/2003">
  <ItemGroup>
    <Filter Include="src">
      <UniqueIdentifier>{fc8b542b-c5cd-40b7-8043-296b9aa19dd0}</UniqueIdentifier>
      <Extensions>cpp;c;cxx;rc;def;r;odl;idl;hpj;bat</Extensions>
    </Filter>
    <Filter Include="Resource Files">
      <UniqueIdentifier>{b3b8c72a-196d-42b2-a625-01e57489bbcc}</UniqueIdentifier>
      <Extensions>ico;cur;bmp;dlg;rc2;rct;bin;rgs;gif;jpg;jpeg;jpe</Extensions>
    </Filter>
  </ItemGroup>
  <ItemGroup>
    <ClCompile Include="src\AtsBranchTrackComponent.cpp">
      <Filter>src</Filter>
    </ClCompile>
    <ClCompile Include="src\AtsBranchTrackDatabaseAccessor.cpp">
      <Filter>src</Filter>
    </ClCompile>
    <ClCompile Include="src\AtsBranchTrackDetailView.cpp">
      <Filter>src</Filter>
    </ClCompile>
    <ClCompile Include="src\AtsBranchTrackFrameworkView.cpp">
      <Filter>src</Filter>
    </ClCompile>
    <ClCompile Include="src\AtsBranchTrackListView.cpp">
      <Filter>src</Filter>
    </ClCompile>
    <ClCompile Include="src\StdAfx.cpp">
      <Filter>src</Filter>
    </ClCompile>
    <ClCompile Include="src\TA_AtsBranchTrackConfigPlugin.cpp">
      <Filter>src</Filter>
    </ClCompile>
    <ClCompile Include="src\VersionGen.cpp">
      <Filter>src</Filter>
    </ClCompile>
  </ItemGroup>
  <ItemGroup>
    <ClInclude Include="src\AtsBranchTrackComponent.h">
      <Filter>src</Filter>
    </ClInclude>
    <ClInclude Include="src\AtsBranchTrackDatabaseAccessor.h">
      <Filter>src</Filter>
    </ClInclude>
    <ClInclude Include="src\AtsBranchTrackDetailView.h">
      <Filter>src</Filter>
    </ClInclude>
    <ClInclude Include="src\AtsBranchTrackFrameworkView.h">
      <Filter>src</Filter>
    </ClInclude>
    <ClInclude Include="src\AtsBranchTrackListView.h">
      <Filter>src</Filter>
    </ClInclude>
    <ClInclude Include="src\Resource.h">
      <Filter>src</Filter>
    </ClInclude>
    <ClInclude Include="src\StdAfx.h">
      <Filter>src</Filter>
    </ClInclude>
  </ItemGroup>
  <ItemGroup>
    <None Include="src\TA_AtsBranchTrackConfigPlugin.def">
      <Filter>src</Filter>
    </None>
    <None Include="res\app.configuration.config_plugins.ats_branch_track.TA_AtsBranchTrackConfigPlugin.rc2">
      <Filter>Resource Files</Filter>
    </None>
  </ItemGroup>
  <ItemGroup>
    <ResourceCompile Include="src\TA_AtsBranchTrackConfigPlugin.rc">
      <Filter>src</Filter>
    </ResourceCompile>
  </ItemGroup>
  <ItemGroup>
    <Image Include="res\AtsBranchTrack.ico">
      <Filter>Resource Files</Filter>
    </Image>
    <Image Include="res\central.ico">
      <Filter>Resource Files</Filter>
    </Image>
    <Image Include="src\ConfigAtsBranchTracks.ico">
      <Filter>Resource Files</Filter>
    </Image>
    <Image Include="res\copy.ico">
      <Filter>Resource Files</Filter>
    </Image>
    <Image Include="res\icon1.ico">
      <Filter>Resource Files</Filter>
    </Image>
    <Image Include="res\local.ico">
      <Filter>Resource Files</Filter>
    </Image>
    <Image Include="res\location.ico">
      <Filter>Resource Files</Filter>
    </Image>
    <Image Include="res\Mandatory.bmp">
      <Filter>Resource Files</Filter>
    </Image>
    <Image Include="res\NotApplied.ico">
      <Filter>Resource Files</Filter>
    </Image>
    <Image Include="res\profile.ico">
      <Filter>Resource Files</Filter>
    </Image>
    <Image Include="res\rights.ico">
      <Filter>Resource Files</Filter>
    </Image>
  </ItemGroup>
  <ItemGroup>
    <Text Include="ReadMe.txt" />
  </ItemGroup>
</Project>