<?xml version="1.0" encoding="utf-8"?>
<Project ToolsVersion="4.0" xmlns="http://schemas.microsoft.com/developer/msbuild/2003">
  <ItemGroup>
    <Filter Include="src">
      <UniqueIdentifier>{53a2fd6c-772c-429f-9c9b-5a12803bdda8}</UniqueIdentifier>
    </Filter>
  </ItemGroup>
  <ItemGroup>
    <ClCompile Include="active_src\ActiveStationTisStep.cpp">
      <Filter>src</Filter>
    </ClCompile>
    <ClCompile Include="active_src\StationTisStepComponent.cpp">
      <Filter>src</Filter>
    </ClCompile>
    <ClCompile Include="active_src\VersionGen.cpp">
      <Filter>src</Filter>
    </ClCompile>
    <ClCompile Include="active_src\DllActiveInstance.cpp">
      <Filter>src</Filter>
    </ClCompile>
  </ItemGroup>
  <ItemGroup>
    <ClInclude Include="active_src\ActiveStationTisStep.h">
      <Filter>src</Filter>
    </ClInclude>
    <ClInclude Include="active_src\StationTisStepComponent.h">
      <Filter>src</Filter>
    </ClInclude>
  </ItemGroup>
</Project>