<?xml version="1.0" encoding="utf-8"?>
<Project ToolsVersion="4.0" xmlns="http://schemas.microsoft.com/developer/msbuild/2003">
  <ItemGroup>
    <Filter Include="src">
      <UniqueIdentifier>{d7ad405d-0ad9-43f1-9ce3-b7bc69da07be}</UniqueIdentifier>
      <Extensions>cpp;c;cxx;rc;def;r;odl;idl;hpj;bat</Extensions>
    </Filter>
  </ItemGroup>
  <ItemGroup>
    <ClCompile Include="src\ConfigTrend.cpp">
      <Filter>src</Filter>
    </ClCompile>
    <ClCompile Include="src\Trend.cpp">
      <Filter>src</Filter>
    </ClCompile>
    <ClCompile Include="src\TrendAccessFactory.cpp">
      <Filter>src</Filter>
    </ClCompile>
    <ClCompile Include="src\TrendHelper.cpp">
      <Filter>src</Filter>
    </ClCompile>
  </ItemGroup>
  <ItemGroup>
    <ClInclude Include="src\ConfigTrend.h">
      <Filter>src</Filter>
    </ClInclude>
    <ClInclude Include="src\globals.h">
      <Filter>src</Filter>
    </ClInclude>
    <ClInclude Include="src\IConfigTrend.h">
      <Filter>src</Filter>
    </ClInclude>
    <ClInclude Include="src\ItemInfoDetails.h">
      <Filter>src</Filter>
    </ClInclude>
    <ClInclude Include="src\ITrend.h">
      <Filter>src</Filter>
    </ClInclude>
    <ClInclude Include="src\Trend.h">
      <Filter>src</Filter>
    </ClInclude>
    <ClInclude Include="src\TrendAccessFactory.h">
      <Filter>src</Filter>
    </ClInclude>
    <ClInclude Include="src\TrendHelper.h">
      <Filter>src</Filter>
    </ClInclude>
  </ItemGroup>
</Project>