<?xml version="1.0" encoding="utf-8"?>
<Project ToolsVersion="4.0" xmlns="http://schemas.microsoft.com/developer/msbuild/2003">
  <ItemGroup>
    <Filter Include="Source Files">
      <UniqueIdentifier>{efdd064e-d3c7-49e1-8545-3af4142b0920}</UniqueIdentifier>
      <Extensions>cpp;c;cxx;rc;def;r;odl;idl;hpj;bat</Extensions>
    </Filter>
    <Filter Include="Header Files">
      <UniqueIdentifier>{a7774cfc-bd57-4d18-b09a-a33c9b414c79}</UniqueIdentifier>
      <Extensions>h;hpp;hxx;hm;inl</Extensions>
    </Filter>
  </ItemGroup>
  <ItemGroup>
    <ClCompile Include="src\ConfigTelephoneDirectory.cpp">
      <Filter>Source Files</Filter>
    </ClCompile>
    <ClCompile Include="src\ConfigTelephoneSubDirectory.cpp">
      <Filter>Source Files</Filter>
    </ClCompile>
    <ClCompile Include="src\DatabaseQueryHelper.cpp">
      <Filter>Source Files</Filter>
    </ClCompile>
    <ClCompile Include="src\TelephoneDirectory.cpp">
      <Filter>Source Files</Filter>
    </ClCompile>
    <ClCompile Include="src\TelephoneDirectoryAccessFactory.cpp">
      <Filter>Source Files</Filter>
    </ClCompile>
    <ClCompile Include="src\TelephoneDirectoryHelper.cpp">
      <Filter>Source Files</Filter>
    </ClCompile>
    <ClCompile Include="src\TelephoneSubDirectory.cpp">
      <Filter>Source Files</Filter>
    </ClCompile>
    <ClCompile Include="src\TelephoneSubDirectoryAccessFactory.cpp">
      <Filter>Source Files</Filter>
    </ClCompile>
    <ClCompile Include="src\TelephoneSubDirectoryHelper.cpp">
      <Filter>Source Files</Filter>
    </ClCompile>
  </ItemGroup>
  <ItemGroup>
    <ClInclude Include="src\ConfigTelephoneDirectory.h">
      <Filter>Header Files</Filter>
    </ClInclude>
    <ClInclude Include="src\ConfigTelephoneSubDirectory.h">
      <Filter>Header Files</Filter>
    </ClInclude>
    <ClInclude Include="src\DatabaseQueryHelper.h">
      <Filter>Header Files</Filter>
    </ClInclude>
    <ClInclude Include="src\IConfigTelephoneDirectory.h">
      <Filter>Header Files</Filter>
    </ClInclude>
    <ClInclude Include="src\IConfigTelephoneSubDirectory.h">
      <Filter>Header Files</Filter>
    </ClInclude>
    <ClInclude Include="src\ITelephoneDirectory.h">
      <Filter>Header Files</Filter>
    </ClInclude>
    <ClInclude Include="src\ITelephoneSubDirectory.h">
      <Filter>Header Files</Filter>
    </ClInclude>
    <ClInclude Include="src\TelephoneDirectory.h">
      <Filter>Header Files</Filter>
    </ClInclude>
    <ClInclude Include="src\TelephoneDirectoryAccessFactory.h">
      <Filter>Header Files</Filter>
    </ClInclude>
    <ClInclude Include="src\TelephoneDirectoryHelper.h">
      <Filter>Header Files</Filter>
    </ClInclude>
    <ClInclude Include="src\TelephoneDirectoryItemStatus.h">
      <Filter>Header Files</Filter>
    </ClInclude>
    <ClInclude Include="src\TelephoneSubDirectory.h">
      <Filter>Header Files</Filter>
    </ClInclude>
    <ClInclude Include="src\TelephoneSubDirectoryAccessFactory.h">
      <Filter>Header Files</Filter>
    </ClInclude>
    <ClInclude Include="src\TelephoneSubDirectoryHelper.h">
      <Filter>Header Files</Filter>
    </ClInclude>
  </ItemGroup>
</Project>