<?xml version="1.0" encoding="utf-8"?>
<Project ToolsVersion="4.0" xmlns="http://schemas.microsoft.com/developer/msbuild/2003">
  <ItemGroup>
    <Filter Include="src">
      <UniqueIdentifier>{d66dade2-93bc-4b35-acab-0121f4cafca9}</UniqueIdentifier>
      <Extensions>cpp;c;cxx;rc;def;r;odl;idl;hpj;bat</Extensions>
    </Filter>
    <Filter Include="Resource Files">
      <UniqueIdentifier>{bbd5261f-a41e-4d5e-b14c-66ba72870bfd}</UniqueIdentifier>
      <Extensions>ico;cur;bmp;dlg;rc2;rct;bin;rgs;gif;jpg;jpeg;jpe</Extensions>
    </Filter>
  </ItemGroup>
  <ItemGroup>
    <ClCompile Include="src\AccessControlHelper.cpp">
      <Filter>src</Filter>
    </ClCompile>
    <ClCompile Include="src\ConfirmAdjustDialog.cpp">
      <Filter>src</Filter>
    </ClCompile>
    <ClCompile Include="src\ConfirmCommandDialog.cpp">
      <Filter>src</Filter>
    </ClCompile>
    <ClCompile Include="src\ConfirmOverrideDialog.cpp">
      <Filter>src</Filter>
    </ClCompile>
    <ClCompile Include="src\ConfirmTagDialog.cpp">
      <Filter>src</Filter>
    </ClCompile>
    <ClCompile Include="src\ControlDialog.cpp">
      <Filter>src</Filter>
    </ClCompile>
    <ClCompile Include="src\ControlListCtrl.cpp">
      <Filter>src</Filter>
    </ClCompile>
    <ClCompile Include="src\DataPointControlHelper.cpp">
      <Filter>src</Filter>
    </ClCompile>
    <ClCompile Include="src\DataPointListCtrl.cpp">
      <Filter>src</Filter>
    </ClCompile>
    <ClCompile Include="src\DirectControlDialog.cpp">
      <Filter>src</Filter>
    </ClCompile>
    <ClCompile Include="src\Equipment.cpp">
      <Filter>src</Filter>
    </ClCompile>
    <ClCompile Include="src\InformationDialog.cpp">
      <Filter>src</Filter>
    </ClCompile>
    <ClCompile Include="src\InformationListCtrl.cpp">
      <Filter>src</Filter>
    </ClCompile>
    <ClCompile Include="src\InfoTabHelper.cpp">
      <Filter>src</Filter>
    </ClCompile>
    <ClCompile Include="src\InhibitDialog.cpp">
      <Filter>src</Filter>
    </ClCompile>
    <ClCompile Include="src\InhibitListCtrl.cpp">
      <Filter>src</Filter>
    </ClCompile>
    <ClCompile Include="src\InspectorPanel.cpp">
      <Filter>src</Filter>
    </ClCompile>
    <ClCompile Include="src\InspectorPanelDlg.cpp">
      <Filter>src</Filter>
    </ClCompile>
    <ClCompile Include="src\InspectorPanelGUI.cpp">
      <Filter>src</Filter>
    </ClCompile>
    <ClCompile Include="src\LimitDetailsListCtrl.cpp">
      <Filter>src</Filter>
    </ClCompile>
    <ClCompile Include="src\LimitDialog.cpp">
      <Filter>src</Filter>
    </ClCompile>
    <ClCompile Include="src\LimitListCtrl.cpp">
      <Filter>src</Filter>
    </ClCompile>
    <ClCompile Include="src\MainTabControl.cpp">
      <Filter>src</Filter>
    </ClCompile>
    <ClCompile Include="src\MeterDialog.cpp">
      <Filter>src</Filter>
    </ClCompile>
    <ClCompile Include="src\MeterListCtrl.cpp">
      <Filter>src</Filter>
    </ClCompile>
    <ClCompile Include="src\NotesDialog.cpp">
      <Filter>src</Filter>
    </ClCompile>
    <ClCompile Include="src\OverrideDialog.cpp">
      <Filter>src</Filter>
    </ClCompile>
    <ClCompile Include="src\OverrideListCtrl.cpp">
      <Filter>src</Filter>
    </ClCompile>
    <ClCompile Include="src\StatusDialog.cpp">
      <Filter>src</Filter>
    </ClCompile>
    <ClCompile Include="src\StdAfx.cpp">
      <Filter>src</Filter>
    </ClCompile>
    <ClCompile Include="src\TagDialog.cpp">
      <Filter>src</Filter>
    </ClCompile>
    <ClCompile Include="src\VersionGen.cpp">
      <Filter>src</Filter>
    </ClCompile>
  </ItemGroup>
  <ItemGroup>
    <ClInclude Include="src\AccessControlHelper.h">
      <Filter>src</Filter>
    </ClInclude>
    <ClInclude Include="src\ConfirmAdjustDialog.h">
      <Filter>src</Filter>
    </ClInclude>
    <ClInclude Include="src\ConfirmCommandDialog.h">
      <Filter>src</Filter>
    </ClInclude>
    <ClInclude Include="src\ConfirmOverrideDialog.h">
      <Filter>src</Filter>
    </ClInclude>
    <ClInclude Include="src\ConfirmTagDialog.h">
      <Filter>src</Filter>
    </ClInclude>
    <ClInclude Include="src\ControlDialog.h">
      <Filter>src</Filter>
    </ClInclude>
    <ClInclude Include="src\ControlListCtrl.h">
      <Filter>src</Filter>
    </ClInclude>
    <ClInclude Include="src\DataPointControlHelper.h">
      <Filter>src</Filter>
    </ClInclude>
    <ClInclude Include="src\DataPointListCtrl.h">
      <Filter>src</Filter>
    </ClInclude>
    <ClInclude Include="src\DirectControlDialog.h">
      <Filter>src</Filter>
    </ClInclude>
    <ClInclude Include="src\Equipment.h">
      <Filter>src</Filter>
    </ClInclude>
    <ClInclude Include="src\InformationDialog.h">
      <Filter>src</Filter>
    </ClInclude>
    <ClInclude Include="src\InformationListCtrl.h">
      <Filter>src</Filter>
    </ClInclude>
    <ClInclude Include="src\InfoTabHelper.h">
      <Filter>src</Filter>
    </ClInclude>
    <ClInclude Include="src\InhibitDialog.h">
      <Filter>src</Filter>
    </ClInclude>
    <ClInclude Include="src\InhibitListCtrl.h">
      <Filter>src</Filter>
    </ClInclude>
    <ClInclude Include="src\InspectorPanel.h">
      <Filter>src</Filter>
    </ClInclude>
    <ClInclude Include="src\InspectorPanelDlg.h">
      <Filter>src</Filter>
    </ClInclude>
    <ClInclude Include="src\InspectorPanelGUI.h">
      <Filter>src</Filter>
    </ClInclude>
    <ClInclude Include="src\ITabDialog.h">
      <Filter>src</Filter>
    </ClInclude>
    <ClInclude Include="src\LimitDetailsListCtrl.h">
      <Filter>src</Filter>
    </ClInclude>
    <ClInclude Include="src\LimitDialog.h">
      <Filter>src</Filter>
    </ClInclude>
    <ClInclude Include="src\LimitListCtrl.h">
      <Filter>src</Filter>
    </ClInclude>
    <ClInclude Include="src\MainTabControl.h">
      <Filter>src</Filter>
    </ClInclude>
    <ClInclude Include="src\MeterDialog.h">
      <Filter>src</Filter>
    </ClInclude>
    <ClInclude Include="src\MeterListCtrl.h">
      <Filter>src</Filter>
    </ClInclude>
    <ClInclude Include="src\NotesDialog.h">
      <Filter>src</Filter>
    </ClInclude>
    <ClInclude Include="src\OverrideDialog.h">
      <Filter>src</Filter>
    </ClInclude>
    <ClInclude Include="src\OverrideListCtrl.h">
      <Filter>src</Filter>
    </ClInclude>
    <ClInclude Include="src\Resource.h">
      <Filter>src</Filter>
    </ClInclude>
    <ClInclude Include="src\StatusDialog.h">
      <Filter>src</Filter>
    </ClInclude>
    <ClInclude Include="src\StdAfx.h">
      <Filter>src</Filter>
    </ClInclude>
    <ClInclude Include="src\TagDialog.h">
      <Filter>src</Filter>
    </ClInclude>
  </ItemGroup>
  <ItemGroup>
    <ResourceCompile Include="src\InspectorPanel.rc">
      <Filter>src</Filter>
    </ResourceCompile>
  </ItemGroup>
  <ItemGroup>
    <Image Include="res\bitmap1.bmp">
      <Filter>Resource Files</Filter>
    </Image>
    <Image Include="res\blank.bmp">
      <Filter>Resource Files</Filter>
    </Image>
    <Image Include="res\blank.ico">
      <Filter>Resource Files</Filter>
    </Image>
    <Image Include="res\check.ico">
      <Filter>Resource Files</Filter>
    </Image>
    <Image Include="res\green1.ico">
      <Filter>Resource Files</Filter>
    </Image>
    <Image Include="res\green2.ico">
      <Filter>Resource Files</Filter>
    </Image>
    <Image Include="res\green3.ico">
      <Filter>Resource Files</Filter>
    </Image>
    <Image Include="res\icon1.ico">
      <Filter>Resource Files</Filter>
    </Image>
    <Image Include="res\InspectorPanel.ico">
      <Filter>Resource Files</Filter>
    </Image>
    <Image Include="res\nocheck.ico">
      <Filter>Resource Files</Filter>
    </Image>
  </ItemGroup>
  <ItemGroup>
    <None Include="res\InspectorPanel.rc2">
      <Filter>Resource Files</Filter>
    </None>
  </ItemGroup>
</Project>