
Microsoft Visual Studio Solution File, Format Version 10.00
# Visual Studio 2008
Project("{8BC9CEB8-8B4A-11D0-8D11-00A0C91BC942}") = "bus.TA_MessageResource", "bus.TA_MessageResource.TA_MessageResource.vcproj", "{662FC71D-65DF-4414-88AF-60E04E7645B5}"
EndProject
Global
	GlobalSection(SolutionConfigurationPlatforms) = preSolution
		Debug|Win32 = Debug|Win32
		Release|Win32 = Release|Win32
	EndGlobalSection
	GlobalSection(ProjectConfigurationPlatforms) = postSolution
		{662FC71D-65DF-4414-88AF-60E04E7645B5}.Debug|Win32.ActiveCfg = Debug|Win32
		{662FC71D-65DF-4414-88AF-60E04E7645B5}.Debug|Win32.Build.0 = Debug|Win32
		{662FC71D-65DF-4414-88AF-60E04E7645B5}.Release|Win32.ActiveCfg = Release|Win32
		{662FC71D-65DF-4414-88AF-60E04E7645B5}.Release|Win32.Build.0 = Release|Win32
	EndGlobalSection
	GlobalSection(SolutionProperties) = preSolution
		HideSolutionNode = FALSE
	EndGlobalSection
EndGlobal
