<?xml version="1.0" encoding="utf-8"?>
<Project ToolsVersion="4.0" xmlns="http://schemas.microsoft.com/developer/msbuild/2003">
  <ItemGroup>
    <Filter Include="Source Files">
      <UniqueIdentifier>{9f952501-5aa0-4f4d-965c-8c89d4bd0f84}</UniqueIdentifier>
      <Extensions>cpp;c;cxx;rc;def;r;odl;idl;hpj;bat</Extensions>
    </Filter>
    <Filter Include="Header Files">
      <UniqueIdentifier>{f2e0e4d6-08b9-4c53-be2b-036ca291c409}</UniqueIdentifier>
      <Extensions>h;hpp;hxx;hm;inl</Extensions>
    </Filter>
  </ItemGroup>
  <ItemGroup>
    <ClCompile Include="src\CtaIncidentReportData.cpp">
      <Filter>Source Files</Filter>
    </ClCompile>
    <ClCompile Include="src\CtaIncidentReportFactory.cpp">
      <Filter>Source Files</Filter>
    </ClCompile>
    <ClCompile Include="src\CtaLocationAccessFactory.cpp">
      <Filter>Source Files</Filter>
    </ClCompile>
    <ClCompile Include="src\CtaReportAccessFactory.cpp">
      <Filter>Source Files</Filter>
    </ClCompile>
    <ClCompile Include="src\CtaStationReportData.cpp">
      <Filter>Source Files</Filter>
    </ClCompile>
    <ClCompile Include="src\IncidentReportHelper.cpp">
      <Filter>Source Files</Filter>
    </ClCompile>
    <ClCompile Include="src\ItaStationReportData.cpp">
      <Filter>Source Files</Filter>
    </ClCompile>
    <ClCompile Include="src\StationReportHelper.cpp">
      <Filter>Source Files</Filter>
    </ClCompile>
  </ItemGroup>
  <ItemGroup>
    <ClInclude Include="src\AssetType.h">
      <Filter>Header Files</Filter>
    </ClInclude>
    <ClInclude Include="src\CtaIncidentReportData.h">
      <Filter>Header Files</Filter>
    </ClInclude>
    <ClInclude Include="src\CtaIncidentReportFactory.h">
      <Filter>Header Files</Filter>
    </ClInclude>
    <ClInclude Include="src\CtaLocationAccessFactory.h">
      <Filter>Header Files</Filter>
    </ClInclude>
    <ClInclude Include="src\CtaReportAccessFactory.h">
      <Filter>Header Files</Filter>
    </ClInclude>
    <ClInclude Include="src\CtaStationReportData.h">
      <Filter>Header Files</Filter>
    </ClInclude>
    <ClInclude Include="src\EAccessType.h">
      <Filter>Header Files</Filter>
    </ClInclude>
    <ClInclude Include="src\IncidentCauseType.h">
      <Filter>Header Files</Filter>
    </ClInclude>
    <ClInclude Include="src\IncidentConditionType.h">
      <Filter>Header Files</Filter>
    </ClInclude>
    <ClInclude Include="src\IncidentLocationType.h">
      <Filter>Header Files</Filter>
    </ClInclude>
    <ClInclude Include="src\IncidentReportHelper.h">
      <Filter>Header Files</Filter>
    </ClInclude>
    <ClInclude Include="src\IncidentType.h">
      <Filter>Header Files</Filter>
    </ClInclude>
    <ClInclude Include="src\ItaIncidentGuiCallback.h">
      <Filter>Header Files</Filter>
    </ClInclude>
    <ClInclude Include="src\ItaIncidentReportData.h">
      <Filter>Header Files</Filter>
    </ClInclude>
    <ClInclude Include="src\ItaIncidentReportFactory.h">
      <Filter>Header Files</Filter>
    </ClInclude>
    <ClInclude Include="src\ItaLocationAccessFactory.h">
      <Filter>Header Files</Filter>
    </ClInclude>
    <ClInclude Include="src\ItaReportAccessFactory.h">
      <Filter>Header Files</Filter>
    </ClInclude>
    <ClInclude Include="src\ItaStationReportData.h">
      <Filter>Header Files</Filter>
    </ClInclude>
    <ClInclude Include="src\PlanType.h">
      <Filter>Header Files</Filter>
    </ClInclude>
    <ClInclude Include="src\StationReportHelper.h">
      <Filter>Header Files</Filter>
    </ClInclude>
  </ItemGroup>
</Project>