<?xml version="1.0" encoding="utf-8"?>
<Project ToolsVersion="4.0" xmlns="http://schemas.microsoft.com/developer/msbuild/2003">
  <ItemGroup>
    <ClCompile Include="src\DataFormatHelper.cpp">
      <Filter>src</Filter>
    </ClCompile>
    <ClCompile Include="src\MLAlgorithmsImpl.cpp">
      <Filter>src</Filter>
    </ClCompile>
    <ClCompile Include="src\KMeansHelper.cpp">
      <Filter>src</Filter>
    </ClCompile>
    <ClCompile Include="src\TA_MLDataTypes.cpp">
      <Filter>src</Filter>
    </ClCompile>
    <ClCompile Include="src\NCAHelper.cpp">
      <Filter>src</Filter>
    </ClCompile>
  </ItemGroup>
  <ItemGroup>
    <ClInclude Include="src\DataFormatHelper.h">
      <Filter>src</Filter>
    </ClInclude>
    <ClInclude Include="src\IMLAlgorithms.h">
      <Filter>src</Filter>
    </ClInclude>
    <ClInclude Include="src\MLAlgorithmsImpl.h">
      <Filter>src</Filter>
    </ClInclude>
    <ClInclude Include="src\CommonDef.h">
      <Filter>src</Filter>
    </ClInclude>
    <ClInclude Include="src\CommonData.h">
      <Filter>src</Filter>
    </ClInclude>
    <ClInclude Include="src\KMeansHelper.h">
      <Filter>src</Filter>
    </ClInclude>
    <ClInclude Include="src\TA_MLDataTypes.h">
      <Filter>src</Filter>
    </ClInclude>
    <ClInclude Include="src\NCAHelper.h">
      <Filter>src</Filter>
    </ClInclude>
  </ItemGroup>
  <ItemGroup>
    <Filter Include="src">
      <UniqueIdentifier>{0370f3c3-093a-4de4-8c4d-c21fcf0807dd}</UniqueIdentifier>
    </Filter>
  </ItemGroup>
</Project>