<?xml version="1.0" encoding="utf-8"?>
<Project ToolsVersion="4.0" xmlns="http://schemas.microsoft.com/developer/msbuild/2003">
  <ItemGroup>
    <Filter Include="src">
      <UniqueIdentifier>{017d6492-6383-4a4d-a62d-30ef336443c1}</UniqueIdentifier>
      <Extensions>cpp;c;cxx;rc;def;r;odl;idl;hpj;bat</Extensions>
    </Filter>
    <Filter Include="tests">
      <UniqueIdentifier>{6f7aecbd-5c25-42dc-9fc7-3e2fadf564e1}</UniqueIdentifier>
    </Filter>
    <Filter Include="tests\autogenerated">
      <UniqueIdentifier>{28ed155f-a170-4108-8ec5-5110a5f8d466}</UniqueIdentifier>
    </Filter>
    <Filter Include="tests\autogenerated\src">
      <UniqueIdentifier>{0a7413b5-e5c2-45d0-85f2-d2fc1aff9054}</UniqueIdentifier>
    </Filter>
  </ItemGroup>
  <ItemGroup>
    <ClInclude Include="src\IUserSettings.h">
      <Filter>src</Filter>
    </ClInclude>
    <ClInclude Include="src\UserSettingsAccessFactory.h">
      <Filter>src</Filter>
    </ClInclude>
    <ClInclude Include="src\UserSettingsData.h">
      <Filter>src</Filter>
    </ClInclude>
  </ItemGroup>
  <ItemGroup>
    <ClCompile Include="src\UserSettingsAccessFactory.cpp">
      <Filter>src</Filter>
    </ClCompile>
    <ClCompile Include="src\UserSettingsData.cpp">
      <Filter>src</Filter>
    </ClCompile>
    <ClCompile Include="tests\autogenerated\src\TestSuite_UserSettingsAccessFactory_cpp.cpp">
      <Filter>tests\autogenerated\src</Filter>
    </ClCompile>
    <ClCompile Include="tests\autogenerated\src\TestSuite_UserSettingsAccessFactory_h.cpp">
      <Filter>tests\autogenerated\src</Filter>
    </ClCompile>
    <ClCompile Include="tests\autogenerated\src\TestSuite_UserSettingsData_cpp.cpp">
      <Filter>tests\autogenerated\src</Filter>
    </ClCompile>
  </ItemGroup>
</Project>