<?xml version="1.0" encoding="utf-8"?>
<Project ToolsVersion="4.0" xmlns="http://schemas.microsoft.com/developer/msbuild/2003">
  <ItemGroup>
    <Filter Include="src">
      <UniqueIdentifier>{f71091a5-321c-4ec6-94f0-97eb89e1782c}</UniqueIdentifier>
    </Filter>
  </ItemGroup>
  <ItemGroup>
    <ClCompile Include="active_src\ActivePlanSetTimerStep.cpp">
      <Filter>src</Filter>
    </ClCompile>
    <ClCompile Include="active_src\PlanSetTimerStepComponent.cpp">
      <Filter>src</Filter>
    </ClCompile>
    <ClCompile Include="active_src\VersionGen.cpp">
      <Filter>src</Filter>
    </ClCompile>
    <ClCompile Include="active_src\DllActiveInstance.cpp">
      <Filter>src</Filter>
    </ClCompile>
  </ItemGroup>
  <ItemGroup>
    <ClInclude Include="active_src\ActivePlanSetTimerStep.h">
      <Filter>src</Filter>
    </ClInclude>
    <ClInclude Include="active_src\PlanSetTimerStepComponent.h">
      <Filter>src</Filter>
    </ClInclude>
  </ItemGroup>
</Project>