<?xml version="1.0" encoding="utf-8"?>
<Project ToolsVersion="4.0" xmlns="http://schemas.microsoft.com/developer/msbuild/2003">
  <ItemGroup>
    <Filter Include="src">
      <UniqueIdentifier>{2f213b75-2c60-479b-995a-d97b4b85128a}</UniqueIdentifier>
      <Extensions>cpp;c;cxx;rc;def;r;odl;idl;hpj;bat</Extensions>
    </Filter>
    <Filter Include="Resource Files">
      <UniqueIdentifier>{b36c0df5-9949-438d-b44d-b43e36e958bc}</UniqueIdentifier>
      <Extensions>ico;cur;bmp;dlg;rc2;rct;bin;rgs;gif;jpg;jpeg;jpe</Extensions>
    </Filter>
  </ItemGroup>
  <ItemGroup>
    <ClCompile Include="src\NewItem.cpp">
      <Filter>src</Filter>
    </ClCompile>
    <ClCompile Include="src\NewLocation.cpp">
      <Filter>src</Filter>
    </ClCompile>
    <ClCompile Include="src\OnlinePrintCfgDatabaseAccessor.cpp">
      <Filter>src</Filter>
    </ClCompile>
    <ClCompile Include="src\OnlinePrinterComponent.cpp">
      <Filter>src</Filter>
    </ClCompile>
    <ClCompile Include="src\OnlinePrinterDetailView.cpp">
      <Filter>src</Filter>
    </ClCompile>
    <ClCompile Include="src\OnlinePrinterFrameworkView.cpp">
      <Filter>src</Filter>
    </ClCompile>
    <ClCompile Include="src\OnlinePrinterListView.cpp">
      <Filter>src</Filter>
    </ClCompile>
    <ClCompile Include="src\ParameterListCtrl.cpp">
      <Filter>src</Filter>
    </ClCompile>
    <ClCompile Include="src\StdAfx.cpp">
      <Filter>src</Filter>
    </ClCompile>
    <ClCompile Include="src\TA_OnlinePrinterConfigPlugin.cpp">
      <Filter>src</Filter>
    </ClCompile>
    <ClCompile Include="src\VersionGen.cpp">
      <Filter>src</Filter>
    </ClCompile>
  </ItemGroup>
  <ItemGroup>
    <ClInclude Include="src\NewItem.h">
      <Filter>src</Filter>
    </ClInclude>
    <ClInclude Include="src\NewLocation.h">
      <Filter>src</Filter>
    </ClInclude>
    <ClInclude Include="src\OnlinePrintCfgDatabaseAccessor.h">
      <Filter>src</Filter>
    </ClInclude>
    <ClInclude Include="src\OnlinePrinterComponent.h">
      <Filter>src</Filter>
    </ClInclude>
    <ClInclude Include="src\OnlinePrinterDetailView.h">
      <Filter>src</Filter>
    </ClInclude>
    <ClInclude Include="src\OnlinePrinterFrameworkView.h">
      <Filter>src</Filter>
    </ClInclude>
    <ClInclude Include="src\OnlinePrinterListView.h">
      <Filter>src</Filter>
    </ClInclude>
    <ClInclude Include="src\ParameterListCtrl.h">
      <Filter>src</Filter>
    </ClInclude>
    <ClInclude Include="src\Resource.h">
      <Filter>src</Filter>
    </ClInclude>
    <ClInclude Include="src\StdAfx.h">
      <Filter>src</Filter>
    </ClInclude>
  </ItemGroup>
  <ItemGroup>
    <None Include="src\TA_OnlinePrinterConfigPlugin.def">
      <Filter>src</Filter>
    </None>
    <None Include="res\TA_OnlinePrinterConfigPlugin.rc2">
      <Filter>Resource Files</Filter>
    </None>
  </ItemGroup>
  <ItemGroup>
    <ResourceCompile Include="src\TA_OnlinePrinterConfigPlugin.rc">
      <Filter>src</Filter>
    </ResourceCompile>
  </ItemGroup>
  <ItemGroup>
    <Image Include="res\copy.ico">
      <Filter>Resource Files</Filter>
    </Image>
    <Image Include="res\location.ico">
      <Filter>Resource Files</Filter>
    </Image>
    <Image Include="res\Mandatory.bmp">
      <Filter>Resource Files</Filter>
    </Image>
    <Image Include="res\OnlinePrinter.ico">
      <Filter>Resource Files</Filter>
    </Image>
  </ItemGroup>
</Project>